// !$*UTF8*$!
{
	archiveVersion = 1;
	classes = {
	};
	objectVersion = 46;
	objects = {

/* Begin PBXBuildFile section */
		2B2ECF841B62AEB500CA6E48 /* main.m in Sources */ = {isa = PBXBuildFile; fileRef = 2B2ECF831B62AEB500CA6E48 /* main.m */; };
		2B2ECF871B62AEB500CA6E48 /* AppDelegate.m in Sources */ = {isa = PBXBuildFile; fileRef = 2B2ECF861B62AEB500CA6E48 /* AppDelegate.m */; };
		2B2ECF8F1B62AEB500CA6E48 /* Images.xcassets in Resources */ = {isa = PBXBuildFile; fileRef = 2B2ECF8E1B62AEB500CA6E48 /* Images.xcassets */; };
		2B2ECF921B62AEB500CA6E48 /* LaunchScreen.xib in Resources */ = {isa = PBXBuildFile; fileRef = 2B2ECF901B62AEB500CA6E48 /* LaunchScreen.xib */; };
		2B2ECF9E1B62AEB500CA6E48 /* LabyrintheTests.m in Sources */ = {isa = PBXBuildFile; fileRef = 2B2ECF9D1B62AEB500CA6E48 /* LabyrintheTests.m */; };
		2B2ECFAA1B62B27800CA6E48 /* MZLGameViewController.m in Sources */ = {isa = PBXBuildFile; fileRef = 2B2ECFA81B62B27800CA6E48 /* MZLGameViewController.m */; };
		2B2ECFAB1B62B27800CA6E48 /* MZLGameViewController.xib in Resources */ = {isa = PBXBuildFile; fileRef = 2B2ECFA91B62B27800CA6E48 /* MZLGameViewController.xib */; };
		2B2ECFB01B62BAB400CA6E48 /* MZLPlayer.m in Sources */ = {isa = PBXBuildFile; fileRef = 2B2ECFAF1B62BAB400CA6E48 /* MZLPlayer.m */; };
		2B2ECFC21B62BB2100CA6E48 /* MZLDungeonFactory.m in Sources */ = {isa = PBXBuildFile; fileRef = 2B2ECFC11B62BB2100CA6E48 /* MZLDungeonFactory.m */; };
		2B2ECFD01B62C41C00CA6E48 /* MZLWeapon.m in Sources */ = {isa = PBXBuildFile; fileRef = 2B2ECFCF1B62C41C00CA6E48 /* MZLWeapon.m */; };
		2B2ECFD31B62C42800CA6E48 /* MZLArmor.m in Sources */ = {isa = PBXBuildFile; fileRef = 2B2ECFD21B62C42800CA6E48 /* MZLArmor.m */; };
		2B2ECFD61B62C43200CA6E48 /* MZLAccessory.m in Sources */ = {isa = PBXBuildFile; fileRef = 2B2ECFD51B62C43200CA6E48 /* MZLAccessory.m */; };
		2B2ECFDD1B62DBF000CA6E48 /* MZLMerchant.m in Sources */ = {isa = PBXBuildFile; fileRef = 2B2ECFDC1B62DBF000CA6E48 /* MZLMerchant.m */; };
		2B2ECFE01B62DBFE00CA6E48 /* MZLMonster.m in Sources */ = {isa = PBXBuildFile; fileRef = 2B2ECFDF1B62DBFE00CA6E48 /* MZLMonster.m */; };
		2B66BF1B1B81403900703F7F /* MZLShopViewController.m in Sources */ = {isa = PBXBuildFile; fileRef = 2B66BF191B81403900703F7F /* MZLShopViewController.m */; };
		2B66BF1C1B81403900703F7F /* MZLShopViewController.xib in Resources */ = {isa = PBXBuildFile; fileRef = 2B66BF1A1B81403900703F7F /* MZLShopViewController.xib */; };
		2B8A37631B7A642300D47507 /* MZLShopFactory.m in Sources */ = {isa = PBXBuildFile; fileRef = 2B8A37621B7A642300D47507 /* MZLShopFactory.m */; };
		2BF735901B90CED1006BFBAB /* bleeding-eye.png in Resources */ = {isa = PBXBuildFile; fileRef = 2BF735741B90CED1006BFBAB /* bleeding-eye.png */; };
		2BF735911B90CED1006BFBAB /* boots.png in Resources */ = {isa = PBXBuildFile; fileRef = 2BF735751B90CED1006BFBAB /* boots.png */; };
		2BF735921B90CED1006BFBAB /* bracers.png in Resources */ = {isa = PBXBuildFile; fileRef = 2BF735761B90CED1006BFBAB /* bracers.png */; };
		2BF735931B90CED1006BFBAB /* diamond-ring.png in Resources */ = {isa = PBXBuildFile; fileRef = 2BF735771B90CED1006BFBAB /* diamond-ring.png */; };
		2BF735941B90CED1006BFBAB /* fist.png in Resources */ = {isa = PBXBuildFile; fileRef = 2BF735781B90CED1006BFBAB /* fist.png */; };
		2BF735951B90CED1006BFBAB /* gem-chain.png in Resources */ = {isa = PBXBuildFile; fileRef = 2BF735791B90CED1006BFBAB /* gem-chain.png */; };
		2BF735961B90CED1006BFBAB /* gem-necklace.png in Resources */ = {isa = PBXBuildFile; fileRef = 2BF7357A1B90CED1006BFBAB /* gem-necklace.png */; };
		2BF735971B90CED1006BFBAB /* gem-pendant.png in Resources */ = {isa = PBXBuildFile; fileRef = 2BF7357B1B90CED1006BFBAB /* gem-pendant.png */; };
		2BF735981B90CED1006BFBAB /* kimono.png in Resources */ = {isa = PBXBuildFile; fileRef = 2BF7357C1B90CED1006BFBAB /* kimono.png */; };
		2BF735991B90CED1006BFBAB /* level-four-advanced.png in Resources */ = {isa = PBXBuildFile; fileRef = 2BF7357D1B90CED1006BFBAB /* level-four-advanced.png */; };
		2BF7359A1B90CED1006BFBAB /* level-four.png in Resources */ = {isa = PBXBuildFile; fileRef = 2BF7357E1B90CED1006BFBAB /* level-four.png */; };
		2BF7359B1B90CED1006BFBAB /* level-one-advanced.png in Resources */ = {isa = PBXBuildFile; fileRef = 2BF7357F1B90CED1006BFBAB /* level-one-advanced.png */; };
		2BF7359C1B90CED1006BFBAB /* level-one.png in Resources */ = {isa = PBXBuildFile; fileRef = 2BF735801B90CED1006BFBAB /* level-one.png */; };
		2BF7359D1B90CED1006BFBAB /* level-three-advanced.png in Resources */ = {isa = PBXBuildFile; fileRef = 2BF735811B90CED1006BFBAB /* level-three-advanced.png */; };
		2BF7359E1B90CED1006BFBAB /* level-three.png in Resources */ = {isa = PBXBuildFile; fileRef = 2BF735821B90CED1006BFBAB /* level-three.png */; };
		2BF7359F1B90CED1006BFBAB /* level-two-advanced.png in Resources */ = {isa = PBXBuildFile; fileRef = 2BF735831B90CED1006BFBAB /* level-two-advanced.png */; };
		2BF735A01B90CED1006BFBAB /* level-two.png in Resources */ = {isa = PBXBuildFile; fileRef = 2BF735841B90CED1006BFBAB /* level-two.png */; };
		2BF735A11B90CED1006BFBAB /* lightning-shield.png in Resources */ = {isa = PBXBuildFile; fileRef = 2BF735851B90CED1006BFBAB /* lightning-shield.png */; };
		2BF735A21B90CED1006BFBAB /* mail-shirt.png in Resources */ = {isa = PBXBuildFile; fileRef = 2BF735861B90CED1006BFBAB /* mail-shirt.png */; };
		2BF735A31B90CED1006BFBAB /* mailed-fist.png in Resources */ = {isa = PBXBuildFile; fileRef = 2BF735871B90CED1006BFBAB /* mailed-fist.png */; };
		2BF735A41B90CED1006BFBAB /* manacles.png in Resources */ = {isa = PBXBuildFile; fileRef = 2BF735881B90CED1006BFBAB /* manacles.png */; };
		2BF735A51B90CED1006BFBAB /* metal-disc.png in Resources */ = {isa = PBXBuildFile; fileRef = 2BF735891B90CED1006BFBAB /* metal-disc.png */; };
		2BF735A61B90CED1006BFBAB /* ring.png in Resources */ = {isa = PBXBuildFile; fileRef = 2BF7358A1B90CED1006BFBAB /* ring.png */; };
		2BF735A71B90CED1006BFBAB /* silksash.png in Resources */ = {isa = PBXBuildFile; fileRef = 2BF7358B1B90CED1006BFBAB /* silksash.png */; };
		2BF735A81B90CED1006BFBAB /* steeltoe-boots.png in Resources */ = {isa = PBXBuildFile; fileRef = 2BF7358C1B90CED1006BFBAB /* steeltoe-boots.png */; };
		2BF735A91B90CED1006BFBAB /* stopwatch.png in Resources */ = {isa = PBXBuildFile; fileRef = 2BF7358D1B90CED1006BFBAB /* stopwatch.png */; };
		2BF735AA1B90CED1006BFBAB /* tyre.png in Resources */ = {isa = PBXBuildFile; fileRef = 2BF7358E1B90CED1006BFBAB /* tyre.png */; };
		2BF735AB1B90CED1006BFBAB /* walking-boot.png in Resources */ = {isa = PBXBuildFile; fileRef = 2BF7358F1B90CED1006BFBAB /* walking-boot.png */; };
/* End PBXBuildFile section */

/* Begin PBXContainerItemProxy section */
		2B2ECF981B62AEB500CA6E48 /* PBXContainerItemProxy */ = {
			isa = PBXContainerItemProxy;
			containerPortal = 2B2ECF761B62AEB500CA6E48 /* Project object */;
			proxyType = 1;
			remoteGlobalIDString = 2B2ECF7D1B62AEB500CA6E48;
			remoteInfo = Labyrinthe;
		};
/* End PBXContainerItemProxy section */

/* Begin PBXFileReference section */
		2B2ECF7E1B62AEB500CA6E48 /* Labyrinthe.app */ = {isa = PBXFileReference; explicitFileType = wrapper.application; includeInIndex = 0; path = Labyrinthe.app; sourceTree = BUILT_PRODUCTS_DIR; };
		2B2ECF821B62AEB500CA6E48 /* Info.plist */ = {isa = PBXFileReference; lastKnownFileType = text.plist.xml; path = Info.plist; sourceTree = "<group>"; };
		2B2ECF831B62AEB500CA6E48 /* main.m */ = {isa = PBXFileReference; lastKnownFileType = sourcecode.c.objc; path = main.m; sourceTree = "<group>"; };
		2B2ECF851B62AEB500CA6E48 /* AppDelegate.h */ = {isa = PBXFileReference; lastKnownFileType = sourcecode.c.h; path = AppDelegate.h; sourceTree = "<group>"; };
		2B2ECF861B62AEB500CA6E48 /* AppDelegate.m */ = {isa = PBXFileReference; lastKnownFileType = sourcecode.c.objc; path = AppDelegate.m; sourceTree = "<group>"; };
		2B2ECF8E1B62AEB500CA6E48 /* Images.xcassets */ = {isa = PBXFileReference; lastKnownFileType = folder.assetcatalog; path = Images.xcassets; sourceTree = "<group>"; };
		2B2ECF911B62AEB500CA6E48 /* Base */ = {isa = PBXFileReference; lastKnownFileType = file.xib; name = Base; path = Base.lproj/LaunchScreen.xib; sourceTree = "<group>"; };
		2B2ECF971B62AEB500CA6E48 /* LabyrintheTests.xctest */ = {isa = PBXFileReference; explicitFileType = wrapper.cfbundle; includeInIndex = 0; path = LabyrintheTests.xctest; sourceTree = BUILT_PRODUCTS_DIR; };
		2B2ECF9C1B62AEB500CA6E48 /* Info.plist */ = {isa = PBXFileReference; lastKnownFileType = text.plist.xml; path = Info.plist; sourceTree = "<group>"; };
		2B2ECF9D1B62AEB500CA6E48 /* LabyrintheTests.m */ = {isa = PBXFileReference; lastKnownFileType = sourcecode.c.objc; path = LabyrintheTests.m; sourceTree = "<group>"; };
		2B2ECFA71B62B27800CA6E48 /* MZLGameViewController.h */ = {isa = PBXFileReference; fileEncoding = 4; lastKnownFileType = sourcecode.c.h; path = MZLGameViewController.h; sourceTree = "<group>"; };
		2B2ECFA81B62B27800CA6E48 /* MZLGameViewController.m */ = {isa = PBXFileReference; fileEncoding = 4; lastKnownFileType = sourcecode.c.objc; path = MZLGameViewController.m; sourceTree = "<group>"; };
		2B2ECFA91B62B27800CA6E48 /* MZLGameViewController.xib */ = {isa = PBXFileReference; fileEncoding = 4; lastKnownFileType = file.xib; path = MZLGameViewController.xib; sourceTree = "<group>"; };
		2B2ECFAE1B62BAB400CA6E48 /* MZLPlayer.h */ = {isa = PBXFileReference; fileEncoding = 4; lastKnownFileType = sourcecode.c.h; path = MZLPlayer.h; sourceTree = "<group>"; };
		2B2ECFAF1B62BAB400CA6E48 /* MZLPlayer.m */ = {isa = PBXFileReference; fileEncoding = 4; lastKnownFileType = sourcecode.c.objc; path = MZLPlayer.m; sourceTree = "<group>"; };
		2B2ECFC01B62BB2100CA6E48 /* MZLDungeonFactory.h */ = {isa = PBXFileReference; fileEncoding = 4; lastKnownFileType = sourcecode.c.h; path = MZLDungeonFactory.h; sourceTree = "<group>"; };
		2B2ECFC11B62BB2100CA6E48 /* MZLDungeonFactory.m */ = {isa = PBXFileReference; fileEncoding = 4; lastKnownFileType = sourcecode.c.objc; path = MZLDungeonFactory.m; sourceTree = "<group>"; };
		2B2ECFCE1B62C41C00CA6E48 /* MZLWeapon.h */ = {isa = PBXFileReference; fileEncoding = 4; lastKnownFileType = sourcecode.c.h; path = MZLWeapon.h; sourceTree = "<group>"; };
		2B2ECFCF1B62C41C00CA6E48 /* MZLWeapon.m */ = {isa = PBXFileReference; fileEncoding = 4; lastKnownFileType = sourcecode.c.objc; path = MZLWeapon.m; sourceTree = "<group>"; };
		2B2ECFD11B62C42800CA6E48 /* MZLArmor.h */ = {isa = PBXFileReference; fileEncoding = 4; lastKnownFileType = sourcecode.c.h; path = MZLArmor.h; sourceTree = "<group>"; };
		2B2ECFD21B62C42800CA6E48 /* MZLArmor.m */ = {isa = PBXFileReference; fileEncoding = 4; lastKnownFileType = sourcecode.c.objc; path = MZLArmor.m; sourceTree = "<group>"; };
		2B2ECFD41B62C43200CA6E48 /* MZLAccessory.h */ = {isa = PBXFileReference; fileEncoding = 4; lastKnownFileType = sourcecode.c.h; path = MZLAccessory.h; sourceTree = "<group>"; };
		2B2ECFD51B62C43200CA6E48 /* MZLAccessory.m */ = {isa = PBXFileReference; fileEncoding = 4; lastKnownFileType = sourcecode.c.objc; path = MZLAccessory.m; sourceTree = "<group>"; };
		2B2ECFDB1B62DBF000CA6E48 /* MZLMerchant.h */ = {isa = PBXFileReference; fileEncoding = 4; lastKnownFileType = sourcecode.c.h; path = MZLMerchant.h; sourceTree = "<group>"; };
		2B2ECFDC1B62DBF000CA6E48 /* MZLMerchant.m */ = {isa = PBXFileReference; fileEncoding = 4; lastKnownFileType = sourcecode.c.objc; path = MZLMerchant.m; sourceTree = "<group>"; };
		2B2ECFDE1B62DBFE00CA6E48 /* MZLMonster.h */ = {isa = PBXFileReference; fileEncoding = 4; lastKnownFileType = sourcecode.c.h; path = MZLMonster.h; sourceTree = "<group>"; };
		2B2ECFDF1B62DBFE00CA6E48 /* MZLMonster.m */ = {isa = PBXFileReference; fileEncoding = 4; lastKnownFileType = sourcecode.c.objc; path = MZLMonster.m; sourceTree = "<group>"; };
		2B66BF181B81403900703F7F /* MZLShopViewController.h */ = {isa = PBXFileReference; fileEncoding = 4; lastKnownFileType = sourcecode.c.h; name = MZLShopViewController.h; path = ../MZLShopViewController.h; sourceTree = "<group>"; };
		2B66BF191B81403900703F7F /* MZLShopViewController.m */ = {isa = PBXFileReference; fileEncoding = 4; lastKnownFileType = sourcecode.c.objc; name = MZLShopViewController.m; path = ../MZLShopViewController.m; sourceTree = "<group>"; };
		2B66BF1A1B81403900703F7F /* MZLShopViewController.xib */ = {isa = PBXFileReference; fileEncoding = 4; lastKnownFileType = file.xib; name = MZLShopViewController.xib; path = ../MZLShopViewController.xib; sourceTree = "<group>"; };
		2B8A37611B7A642300D47507 /* MZLShopFactory.h */ = {isa = PBXFileReference; fileEncoding = 4; lastKnownFileType = sourcecode.c.h; path = MZLShopFactory.h; sourceTree = "<group>"; };
		2B8A37621B7A642300D47507 /* MZLShopFactory.m */ = {isa = PBXFileReference; fileEncoding = 4; lastKnownFileType = sourcecode.c.objc; path = MZLShopFactory.m; sourceTree = "<group>"; };
		2BF735741B90CED1006BFBAB /* bleeding-eye.png */ = {isa = PBXFileReference; lastKnownFileType = image.png; path = "bleeding-eye.png"; sourceTree = "<group>"; };
		2BF735751B90CED1006BFBAB /* boots.png */ = {isa = PBXFileReference; lastKnownFileType = image.png; path = boots.png; sourceTree = "<group>"; };
		2BF735761B90CED1006BFBAB /* bracers.png */ = {isa = PBXFileReference; lastKnownFileType = image.png; path = bracers.png; sourceTree = "<group>"; };
		2BF735771B90CED1006BFBAB /* diamond-ring.png */ = {isa = PBXFileReference; lastKnownFileType = image.png; path = "diamond-ring.png"; sourceTree = "<group>"; };
		2BF735781B90CED1006BFBAB /* fist.png */ = {isa = PBXFileReference; lastKnownFileType = image.png; path = fist.png; sourceTree = "<group>"; };
		2BF735791B90CED1006BFBAB /* gem-chain.png */ = {isa = PBXFileReference; lastKnownFileType = image.png; path = "gem-chain.png"; sourceTree = "<group>"; };
		2BF7357A1B90CED1006BFBAB /* gem-necklace.png */ = {isa = PBXFileReference; lastKnownFileType = image.png; path = "gem-necklace.png"; sourceTree = "<group>"; };
		2BF7357B1B90CED1006BFBAB /* gem-pendant.png */ = {isa = PBXFileReference; lastKnownFileType = image.png; path = "gem-pendant.png"; sourceTree = "<group>"; };
		2BF7357C1B90CED1006BFBAB /* kimono.png */ = {isa = PBXFileReference; lastKnownFileType = image.png; path = kimono.png; sourceTree = "<group>"; };
		2BF7357D1B90CED1006BFBAB /* level-four-advanced.png */ = {isa = PBXFileReference; lastKnownFileType = image.png; path = "level-four-advanced.png"; sourceTree = "<group>"; };
		2BF7357E1B90CED1006BFBAB /* level-four.png */ = {isa = PBXFileReference; lastKnownFileType = image.png; path = "level-four.png"; sourceTree = "<group>"; };
		2BF7357F1B90CED1006BFBAB /* level-one-advanced.png */ = {isa = PBXFileReference; lastKnownFileType = image.png; path = "level-one-advanced.png"; sourceTree = "<group>"; };
		2BF735801B90CED1006BFBAB /* level-one.png */ = {isa = PBXFileReference; lastKnownFileType = image.png; path = "level-one.png"; sourceTree = "<group>"; };
		2BF735811B90CED1006BFBAB /* level-three-advanced.png */ = {isa = PBXFileReference; lastKnownFileType = image.png; path = "level-three-advanced.png"; sourceTree = "<group>"; };
		2BF735821B90CED1006BFBAB /* level-three.png */ = {isa = PBXFileReference; lastKnownFileType = image.png; path = "level-three.png"; sourceTree = "<group>"; };
		2BF735831B90CED1006BFBAB /* level-two-advanced.png */ = {isa = PBXFileReference; lastKnownFileType = image.png; path = "level-two-advanced.png"; sourceTree = "<group>"; };
		2BF735841B90CED1006BFBAB /* level-two.png */ = {isa = PBXFileReference; lastKnownFileType = image.png; path = "level-two.png"; sourceTree = "<group>"; };
		2BF735851B90CED1006BFBAB /* lightning-shield.png */ = {isa = PBXFileReference; lastKnownFileType = image.png; path = "lightning-shield.png"; sourceTree = "<group>"; };
		2BF735861B90CED1006BFBAB /* mail-shirt.png */ = {isa = PBXFileReference; lastKnownFileType = image.png; path = "mail-shirt.png"; sourceTree = "<group>"; };
		2BF735871B90CED1006BFBAB /* mailed-fist.png */ = {isa = PBXFileReference; lastKnownFileType = image.png; path = "mailed-fist.png"; sourceTree = "<group>"; };
		2BF735881B90CED1006BFBAB /* manacles.png */ = {isa = PBXFileReference; lastKnownFileType = image.png; path = manacles.png; sourceTree = "<group>"; };
		2BF735891B90CED1006BFBAB /* metal-disc.png */ = {isa = PBXFileReference; lastKnownFileType = image.png; path = "metal-disc.png"; sourceTree = "<group>"; };
		2BF7358A1B90CED1006BFBAB /* ring.png */ = {isa = PBXFileReference; lastKnownFileType = image.png; path = ring.png; sourceTree = "<group>"; };
		2BF7358B1B90CED1006BFBAB /* silksash.png */ = {isa = PBXFileReference; lastKnownFileType = image.png; path = silksash.png; sourceTree = "<group>"; };
		2BF7358C1B90CED1006BFBAB /* steeltoe-boots.png */ = {isa = PBXFileReference; lastKnownFileType = image.png; path = "steeltoe-boots.png"; sourceTree = "<group>"; };
		2BF7358D1B90CED1006BFBAB /* stopwatch.png */ = {isa = PBXFileReference; lastKnownFileType = image.png; path = stopwatch.png; sourceTree = "<group>"; };
		2BF7358E1B90CED1006BFBAB /* tyre.png */ = {isa = PBXFileReference; lastKnownFileType = image.png; path = tyre.png; sourceTree = "<group>"; };
		2BF7358F1B90CED1006BFBAB /* walking-boot.png */ = {isa = PBXFileReference; lastKnownFileType = image.png; path = "walking-boot.png"; sourceTree = "<group>"; };
/* End PBXFileReference section */

/* Begin PBXFrameworksBuildPhase section */
		2B2ECF7B1B62AEB500CA6E48 /* Frameworks */ = {
			isa = PBXFrameworksBuildPhase;
			buildActionMask = 2147483647;
			files = (
			);
			runOnlyForDeploymentPostprocessing = 0;
		};
		2B2ECF941B62AEB500CA6E48 /* Frameworks */ = {
			isa = PBXFrameworksBuildPhase;
			buildActionMask = 2147483647;
			files = (
			);
			runOnlyForDeploymentPostprocessing = 0;
		};
/* End PBXFrameworksBuildPhase section */

/* Begin PBXGroup section */
		2B2ECF751B62AEB500CA6E48 = {
			isa = PBXGroup;
			children = (
				2B2ECF801B62AEB500CA6E48 /* Labyrinthe */,
				2BFA7DF71B8D3D7800B0DBFD /* images */,
				2B2ECF9A1B62AEB500CA6E48 /* LabyrintheTests */,
				2B2ECF7F1B62AEB500CA6E48 /* Products */,
			);
			sourceTree = "<group>";
		};
		2B2ECF7F1B62AEB500CA6E48 /* Products */ = {
			isa = PBXGroup;
			children = (
				2B2ECF7E1B62AEB500CA6E48 /* Labyrinthe.app */,
				2B2ECF971B62AEB500CA6E48 /* LabyrintheTests.xctest */,
			);
			name = Products;
			sourceTree = "<group>";
		};
		2B2ECF801B62AEB500CA6E48 /* Labyrinthe */ = {
			isa = PBXGroup;
			children = (
				2B2ECF851B62AEB500CA6E48 /* AppDelegate.h */,
				2B2ECF861B62AEB500CA6E48 /* AppDelegate.m */,
				2B2ECFA71B62B27800CA6E48 /* MZLGameViewController.h */,
				2B2ECFA81B62B27800CA6E48 /* MZLGameViewController.m */,
				2B66BF181B81403900703F7F /* MZLShopViewController.h */,
				2B66BF191B81403900703F7F /* MZLShopViewController.m */,
				2B2ECF8E1B62AEB500CA6E48 /* Images.xcassets */,
				2B2ECFAC1B62B2C600CA6E48 /* Helper Classes */,
				2B2ECFAD1B62B2CE00CA6E48 /* Interface */,
				2B2ECF811B62AEB500CA6E48 /* Supporting Files */,
			);
			path = Labyrinthe;
			sourceTree = "<group>";
		};
		2B2ECF811B62AEB500CA6E48 /* Supporting Files */ = {
			isa = PBXGroup;
			children = (
				2B2ECF821B62AEB500CA6E48 /* Info.plist */,
				2B2ECF831B62AEB500CA6E48 /* main.m */,
			);
			name = "Supporting Files";
			sourceTree = "<group>";
		};
		2B2ECF9A1B62AEB500CA6E48 /* LabyrintheTests */ = {
			isa = PBXGroup;
			children = (
				2B2ECF9D1B62AEB500CA6E48 /* LabyrintheTests.m */,
				2B2ECF9B1B62AEB500CA6E48 /* Supporting Files */,
			);
			path = LabyrintheTests;
			sourceTree = "<group>";
		};
		2B2ECF9B1B62AEB500CA6E48 /* Supporting Files */ = {
			isa = PBXGroup;
			children = (
				2B2ECF9C1B62AEB500CA6E48 /* Info.plist */,
			);
			name = "Supporting Files";
			sourceTree = "<group>";
		};
		2B2ECFAC1B62B2C600CA6E48 /* Helper Classes */ = {
			isa = PBXGroup;
			children = (
				2B2ECFC01B62BB2100CA6E48 /* MZLDungeonFactory.h */,
				2B2ECFC11B62BB2100CA6E48 /* MZLDungeonFactory.m */,
				2B8A37611B7A642300D47507 /* MZLShopFactory.h */,
				2B8A37621B7A642300D47507 /* MZLShopFactory.m */,
				2B2ECFDA1B62DBDA00CA6E48 /* Player */,
				2B2ECFC41B62BB4300CA6E48 /* NPCs */,
				2B2ECFC31B62BB3000CA6E48 /* Items */,
			);
			name = "Helper Classes";
			sourceTree = "<group>";
		};
		2B2ECFAD1B62B2CE00CA6E48 /* Interface */ = {
			isa = PBXGroup;
			children = (
				2B2ECF901B62AEB500CA6E48 /* LaunchScreen.xib */,
				2B2ECFA91B62B27800CA6E48 /* MZLGameViewController.xib */,
				2B66BF1A1B81403900703F7F /* MZLShopViewController.xib */,
			);
			name = Interface;
			sourceTree = "<group>";
		};
		2B2ECFC31B62BB3000CA6E48 /* Items */ = {
			isa = PBXGroup;
			children = (
				2B2ECFCE1B62C41C00CA6E48 /* MZLWeapon.h */,
				2B2ECFCF1B62C41C00CA6E48 /* MZLWeapon.m */,
				2B2ECFD41B62C43200CA6E48 /* MZLAccessory.h */,
				2B2ECFD51B62C43200CA6E48 /* MZLAccessory.m */,
				2B2ECFD11B62C42800CA6E48 /* MZLArmor.h */,
				2B2ECFD21B62C42800CA6E48 /* MZLArmor.m */,
			);
			name = Items;
			sourceTree = "<group>";
		};
		2B2ECFC41B62BB4300CA6E48 /* NPCs */ = {
			isa = PBXGroup;
			children = (
				2B2ECFDB1B62DBF000CA6E48 /* MZLMerchant.h */,
				2B2ECFDC1B62DBF000CA6E48 /* MZLMerchant.m */,
				2B2ECFDE1B62DBFE00CA6E48 /* MZLMonster.h */,
				2B2ECFDF1B62DBFE00CA6E48 /* MZLMonster.m */,
			);
			name = NPCs;
			sourceTree = "<group>";
		};
		2B2ECFDA1B62DBDA00CA6E48 /* Player */ = {
			isa = PBXGroup;
			children = (
				2B2ECFAE1B62BAB400CA6E48 /* MZLPlayer.h */,
				2B2ECFAF1B62BAB400CA6E48 /* MZLPlayer.m */,
			);
			name = Player;
			sourceTree = "<group>";
		};
		2BFA7DF71B8D3D7800B0DBFD /* images */ = {
			isa = PBXGroup;
			children = (
				2BF735741B90CED1006BFBAB /* bleeding-eye.png */,
				2BF735751B90CED1006BFBAB /* boots.png */,
				2BF735761B90CED1006BFBAB /* bracers.png */,
				2BF735771B90CED1006BFBAB /* diamond-ring.png */,
				2BF735781B90CED1006BFBAB /* fist.png */,
				2BF735791B90CED1006BFBAB /* gem-chain.png */,
				2BF7357A1B90CED1006BFBAB /* gem-necklace.png */,
				2BF7357B1B90CED1006BFBAB /* gem-pendant.png */,
				2BF7357C1B90CED1006BFBAB /* kimono.png */,
				2BF7357D1B90CED1006BFBAB /* level-four-advanced.png */,
				2BF7357E1B90CED1006BFBAB /* level-four.png */,
				2BF7357F1B90CED1006BFBAB /* level-one-advanced.png */,
				2BF735801B90CED1006BFBAB /* level-one.png */,
				2BF735811B90CED1006BFBAB /* level-three-advanced.png */,
				2BF735821B90CED1006BFBAB /* level-three.png */,
				2BF735831B90CED1006BFBAB /* level-two-advanced.png */,
				2BF735841B90CED1006BFBAB /* level-two.png */,
				2BF735851B90CED1006BFBAB /* lightning-shield.png */,
				2BF735861B90CED1006BFBAB /* mail-shirt.png */,
				2BF735871B90CED1006BFBAB /* mailed-fist.png */,
				2BF735881B90CED1006BFBAB /* manacles.png */,
				2BF735891B90CED1006BFBAB /* metal-disc.png */,
				2BF7358A1B90CED1006BFBAB /* ring.png */,
				2BF7358B1B90CED1006BFBAB /* silksash.png */,
				2BF7358C1B90CED1006BFBAB /* steeltoe-boots.png */,
				2BF7358D1B90CED1006BFBAB /* stopwatch.png */,
				2BF7358E1B90CED1006BFBAB /* tyre.png */,
				2BF7358F1B90CED1006BFBAB /* walking-boot.png */,
			);
			name = images;
			path = Labyrinthe;
			sourceTree = "<group>";
		};
/* End PBXGroup section */

/* Begin PBXNativeTarget section */
		2B2ECF7D1B62AEB500CA6E48 /* Labyrinthe */ = {
			isa = PBXNativeTarget;
			buildConfigurationList = 2B2ECFA11B62AEB500CA6E48 /* Build configuration list for PBXNativeTarget "Labyrinthe" */;
			buildPhases = (
				2B2ECF7A1B62AEB500CA6E48 /* Sources */,
				2B2ECF7B1B62AEB500CA6E48 /* Frameworks */,
				2B2ECF7C1B62AEB500CA6E48 /* Resources */,
			);
			buildRules = (
			);
			dependencies = (
			);
			name = Labyrinthe;
			productName = Labyrinthe;
			productReference = 2B2ECF7E1B62AEB500CA6E48 /* Labyrinthe.app */;
			productType = "com.apple.product-type.application";
		};
		2B2ECF961B62AEB500CA6E48 /* LabyrintheTests */ = {
			isa = PBXNativeTarget;
			buildConfigurationList = 2B2ECFA41B62AEB500CA6E48 /* Build configuration list for PBXNativeTarget "LabyrintheTests" */;
			buildPhases = (
				2B2ECF931B62AEB500CA6E48 /* Sources */,
				2B2ECF941B62AEB500CA6E48 /* Frameworks */,
				2B2ECF951B62AEB500CA6E48 /* Resources */,
			);
			buildRules = (
			);
			dependencies = (
				2B2ECF991B62AEB500CA6E48 /* PBXTargetDependency */,
			);
			name = LabyrintheTests;
			productName = LabyrintheTests;
			productReference = 2B2ECF971B62AEB500CA6E48 /* LabyrintheTests.xctest */;
			productType = "com.apple.product-type.bundle.unit-test";
		};
/* End PBXNativeTarget section */

/* Begin PBXProject section */
		2B2ECF761B62AEB500CA6E48 /* Project object */ = {
			isa = PBXProject;
			attributes = {
				LastUpgradeCheck = 0640;
				ORGANIZATIONNAME = "Mazag Laboratories";
				TargetAttributes = {
					2B2ECF7D1B62AEB500CA6E48 = {
						CreatedOnToolsVersion = 6.4;
						DevelopmentTeam = 5EN98V4335;
					};
					2B2ECF961B62AEB500CA6E48 = {
						CreatedOnToolsVersion = 6.4;
						TestTargetID = 2B2ECF7D1B62AEB500CA6E48;
					};
				};
			};
			buildConfigurationList = 2B2ECF791B62AEB500CA6E48 /* Build configuration list for PBXProject "Labyrinthe" */;
			compatibilityVersion = "Xcode 3.2";
			developmentRegion = English;
			hasScannedForEncodings = 0;
			knownRegions = (
				en,
				Base,
			);
			mainGroup = 2B2ECF751B62AEB500CA6E48;
			productRefGroup = 2B2ECF7F1B62AEB500CA6E48 /* Products */;
			projectDirPath = "";
			projectRoot = "";
			targets = (
				2B2ECF7D1B62AEB500CA6E48 /* Labyrinthe */,
				2B2ECF961B62AEB500CA6E48 /* LabyrintheTests */,
			);
		};
/* End PBXProject section */

/* Begin PBXResourcesBuildPhase section */
		2B2ECF7C1B62AEB500CA6E48 /* Resources */ = {
			isa = PBXResourcesBuildPhase;
			buildActionMask = 2147483647;
			files = (
				2BF735991B90CED1006BFBAB /* level-four-advanced.png in Resources */,
				2BF735901B90CED1006BFBAB /* bleeding-eye.png in Resources */,
				2BF735A61B90CED1006BFBAB /* ring.png in Resources */,
				2BF735AA1B90CED1006BFBAB /* tyre.png in Resources */,
				2BF7359E1B90CED1006BFBAB /* level-three.png in Resources */,
				2B2ECF921B62AEB500CA6E48 /* LaunchScreen.xib in Resources */,
				2BF7359B1B90CED1006BFBAB /* level-one-advanced.png in Resources */,
				2BF735A21B90CED1006BFBAB /* mail-shirt.png in Resources */,
				2BF735941B90CED1006BFBAB /* fist.png in Resources */,
				2BF735981B90CED1006BFBAB /* kimono.png in Resources */,
				2BF7359F1B90CED1006BFBAB /* level-two-advanced.png in Resources */,
				2BF735951B90CED1006BFBAB /* gem-chain.png in Resources */,
				2B2ECFAB1B62B27800CA6E48 /* MZLGameViewController.xib in Resources */,
				2BF7359C1B90CED1006BFBAB /* level-one.png in Resources */,
				2B66BF1C1B81403900703F7F /* MZLShopViewController.xib in Resources */,
				2BF735971B90CED1006BFBAB /* gem-pendant.png in Resources */,
				2BF735931B90CED1006BFBAB /* diamond-ring.png in Resources */,
				2BF735AB1B90CED1006BFBAB /* walking-boot.png in Resources */,
				2BF735A41B90CED1006BFBAB /* manacles.png in Resources */,
				2BF735A01B90CED1006BFBAB /* level-two.png in Resources */,
				2BF735A11B90CED1006BFBAB /* lightning-shield.png in Resources */,
				2BF735A81B90CED1006BFBAB /* steeltoe-boots.png in Resources */,
				2BF735A31B90CED1006BFBAB /* mailed-fist.png in Resources */,
				2B2ECF8F1B62AEB500CA6E48 /* Images.xcassets in Resources */,
				2BF735A51B90CED1006BFBAB /* metal-disc.png in Resources */,
				2BF7359D1B90CED1006BFBAB /* level-three-advanced.png in Resources */,
				2BF7359A1B90CED1006BFBAB /* level-four.png in Resources */,
				2BF735921B90CED1006BFBAB /* bracers.png in Resources */,
				2BF735A71B90CED1006BFBAB /* silksash.png in Resources */,
				2BF735911B90CED1006BFBAB /* boots.png in Resources */,
				2BF735961B90CED1006BFBAB /* gem-necklace.png in Resources */,
				2BF735A91B90CED1006BFBAB /* stopwatch.png in Resources */,
			);
			runOnlyForDeploymentPostprocessing = 0;
		};
		2B2ECF951B62AEB500CA6E48 /* Resources */ = {
			isa = PBXResourcesBuildPhase;
			buildActionMask = 2147483647;
			files = (
			);
			runOnlyForDeploymentPostprocessing = 0;
		};
/* End PBXResourcesBuildPhase section */

/* Begin PBXSourcesBuildPhase section */
		2B2ECF7A1B62AEB500CA6E48 /* Sources */ = {
			isa = PBXSourcesBuildPhase;
			buildActionMask = 2147483647;
			files = (
				2B2ECFD61B62C43200CA6E48 /* MZLAccessory.m in Sources */,
				2B2ECF871B62AEB500CA6E48 /* AppDelegate.m in Sources */,
				2B2ECFE01B62DBFE00CA6E48 /* MZLMonster.m in Sources */,
				2B2ECFD01B62C41C00CA6E48 /* MZLWeapon.m in Sources */,
				2B2ECFB01B62BAB400CA6E48 /* MZLPlayer.m in Sources */,
				2B2ECFD31B62C42800CA6E48 /* MZLArmor.m in Sources */,
				2B2ECF841B62AEB500CA6E48 /* main.m in Sources */,
				2B2ECFC21B62BB2100CA6E48 /* MZLDungeonFactory.m in Sources */,
				2B2ECFAA1B62B27800CA6E48 /* MZLGameViewController.m in Sources */,
				2B8A37631B7A642300D47507 /* MZLShopFactory.m in Sources */,
				2B66BF1B1B81403900703F7F /* MZLShopViewController.m in Sources */,
				2B2ECFDD1B62DBF000CA6E48 /* MZLMerchant.m in Sources */,
			);
			runOnlyForDeploymentPostprocessing = 0;
		};
		2B2ECF931B62AEB500CA6E48 /* Sources */ = {
			isa = PBXSourcesBuildPhase;
			buildActionMask = 2147483647;
			files = (
				2B2ECF9E1B62AEB500CA6E48 /* LabyrintheTests.m in Sources */,
			);
			runOnlyForDeploymentPostprocessing = 0;
		};
/* End PBXSourcesBuildPhase section */

/* Begin PBXTargetDependency section */
		2B2ECF991B62AEB500CA6E48 /* PBXTargetDependency */ = {
			isa = PBXTargetDependency;
			target = 2B2ECF7D1B62AEB500CA6E48 /* Labyrinthe */;
			targetProxy = 2B2ECF981B62AEB500CA6E48 /* PBXContainerItemProxy */;
		};
/* End PBXTargetDependency section */

/* Begin PBXVariantGroup section */
		2B2ECF901B62AEB500CA6E48 /* LaunchScreen.xib */ = {
			isa = PBXVariantGroup;
			children = (
				2B2ECF911B62AEB500CA6E48 /* Base */,
			);
			name = LaunchScreen.xib;
			sourceTree = "<group>";
		};
/* End PBXVariantGroup section */

/* Begin XCBuildConfiguration section */
		2B2ECF9F1B62AEB500CA6E48 /* Debug */ = {
			isa = XCBuildConfiguration;
			buildSettings = {
				ALWAYS_SEARCH_USER_PATHS = NO;
				CLANG_CXX_LANGUAGE_STANDARD = "gnu++0x";
				CLANG_CXX_LIBRARY = "libc++";
				CLANG_ENABLE_MODULES = YES;
				CLANG_ENABLE_OBJC_ARC = YES;
				CLANG_WARN_BOOL_CONVERSION = YES;
				CLANG_WARN_CONSTANT_CONVERSION = YES;
				CLANG_WARN_DIRECT_OBJC_ISA_USAGE = YES_ERROR;
				CLANG_WARN_EMPTY_BODY = YES;
				CLANG_WARN_ENUM_CONVERSION = YES;
				CLANG_WARN_INT_CONVERSION = YES;
				CLANG_WARN_OBJC_ROOT_CLASS = YES_ERROR;
				CLANG_WARN_UNREACHABLE_CODE = YES;
				CLANG_WARN__DUPLICATE_METHOD_MATCH = YES;
				"CODE_SIGN_IDENTITY[sdk=iphoneos*]" = "iPhone Developer";
				COPY_PHASE_STRIP = NO;
				DEBUG_INFORMATION_FORMAT = "dwarf-with-dsym";
				ENABLE_STRICT_OBJC_MSGSEND = YES;
				GCC_C_LANGUAGE_STANDARD = gnu99;
				GCC_DYNAMIC_NO_PIC = NO;
				GCC_NO_COMMON_BLOCKS = YES;
				GCC_OPTIMIZATION_LEVEL = 0;
				GCC_PREPROCESSOR_DEFINITIONS = (
					"DEBUG=1",
					"$(inherited)",
				);
				GCC_SYMBOLS_PRIVATE_EXTERN = NO;
				GCC_WARN_64_TO_32_BIT_CONVERSION = YES;
				GCC_WARN_ABOUT_RETURN_TYPE = YES_ERROR;
				GCC_WARN_UNDECLARED_SELECTOR = YES;
				GCC_WARN_UNINITIALIZED_AUTOS = YES_AGGRESSIVE;
				GCC_WARN_UNUSED_FUNCTION = YES;
				GCC_WARN_UNUSED_VARIABLE = YES;
				IPHONEOS_DEPLOYMENT_TARGET = 8.4;
				MTL_ENABLE_DEBUG_INFO = YES;
				ONLY_ACTIVE_ARCH = YES;
				SDKROOT = iphoneos;
			};
			name = Debug;
		};
		2B2ECFA01B62AEB500CA6E48 /* Release */ = {
			isa = XCBuildConfiguration;
			buildSettings = {
				ALWAYS_SEARCH_USER_PATHS = NO;
				CLANG_CXX_LANGUAGE_STANDARD = "gnu++0x";
				CLANG_CXX_LIBRARY = "libc++";
				CLANG_ENABLE_MODULES = YES;
				CLANG_ENABLE_OBJC_ARC = YES;
				CLANG_WARN_BOOL_CONVERSION = YES;
				CLANG_WARN_CONSTANT_CONVERSION = YES;
				CLANG_WARN_DIRECT_OBJC_ISA_USAGE = YES_ERROR;
				CLANG_WARN_EMPTY_BODY = YES;
				CLANG_WARN_ENUM_CONVERSION = YES;
				CLANG_WARN_INT_CONVERSION = YES;
				CLANG_WARN_OBJC_ROOT_CLASS = YES_ERROR;
				CLANG_WARN_UNREACHABLE_CODE = YES;
				CLANG_WARN__DUPLICATE_METHOD_MATCH = YES;
				"CODE_SIGN_IDENTITY[sdk=iphoneos*]" = "iPhone Developer";
				COPY_PHASE_STRIP = NO;
				DEBUG_INFORMATION_FORMAT = "dwarf-with-dsym";
				ENABLE_NS_ASSERTIONS = NO;
				ENABLE_STRICT_OBJC_MSGSEND = YES;
				GCC_C_LANGUAGE_STANDARD = gnu99;
				GCC_NO_COMMON_BLOCKS = YES;
				GCC_WARN_64_TO_32_BIT_CONVERSION = YES;
				GCC_WARN_ABOUT_RETURN_TYPE = YES_ERROR;
				GCC_WARN_UNDECLARED_SELECTOR = YES;
				GCC_WARN_UNINITIALIZED_AUTOS = YES_AGGRESSIVE;
				GCC_WARN_UNUSED_FUNCTION = YES;
				GCC_WARN_UNUSED_VARIABLE = YES;
				IPHONEOS_DEPLOYMENT_TARGET = 8.4;
				MTL_ENABLE_DEBUG_INFO = NO;
				SDKROOT = iphoneos;
				VALIDATE_PRODUCT = YES;
			};
			name = Release;
		};
		2B2ECFA21B62AEB500CA6E48 /* Debug */ = {
			isa = XCBuildConfiguration;
			buildSettings = {
				ASSETCATALOG_COMPILER_APPICON_NAME = AppIcon;
				CODE_SIGN_IDENTITY = "iPhone Developer";
				"CODE_SIGN_IDENTITY[sdk=iphoneos*]" = "iPhone Developer";
				INFOPLIST_FILE = Labyrinthe/Info.plist;
				LD_RUNPATH_SEARCH_PATHS = "$(inherited) @executable_path/Frameworks";
				PRODUCT_NAME = "$(TARGET_NAME)";
				PROVISIONING_PROFILE = "";
			};
			name = Debug;
		};
		2B2ECFA31B62AEB500CA6E48 /* Release */ = {
			isa = XCBuildConfiguration;
			buildSettings = {
				ASSETCATALOG_COMPILER_APPICON_NAME = AppIcon;
				CODE_SIGN_IDENTITY = "iPhone Developer";
				"CODE_SIGN_IDENTITY[sdk=iphoneos*]" = "iPhone Developer";
				INFOPLIST_FILE = Labyrinthe/Info.plist;
				LD_RUNPATH_SEARCH_PATHS = "$(inherited) @executable_path/Frameworks";
				PRODUCT_NAME = "$(TARGET_NAME)";
				PROVISIONING_PROFILE = "";
			};
			name = Release;
		};
		2B2ECFA51B62AEB500CA6E48 /* Debug */ = {
			isa = XCBuildConfiguration;
			buildSettings = {
				BUNDLE_LOADER = "$(TEST_HOST)";
				FRAMEWORK_SEARCH_PATHS = (
					"$(SDKROOT)/Developer/Library/Frameworks",
					"$(inherited)",
				);
				GCC_PREPROCESSOR_DEFINITIONS = (
					"DEBUG=1",
					"$(inherited)",
				);
				INFOPLIST_FILE = LabyrintheTests/Info.plist;
				LD_RUNPATH_SEARCH_PATHS = "$(inherited) @executable_path/Frameworks @loader_path/Frameworks";
				PRODUCT_NAME = "$(TARGET_NAME)";
				TEST_HOST = "$(BUILT_PRODUCTS_DIR)/Labyrinthe.app/Labyrinthe";
			};
			name = Debug;
		};
		2B2ECFA61B62AEB500CA6E48 /* Release */ = {
			isa = XCBuildConfiguration;
			buildSettings = {
				BUNDLE_LOADER = "$(TEST_HOST)";
				FRAMEWORK_SEARCH_PATHS = (
					"$(SDKROOT)/Developer/Library/Frameworks",
					"$(inherited)",
				);
				INFOPLIST_FILE = LabyrintheTests/Info.plist;
				LD_RUNPATH_SEARCH_PATHS = "$(inherited) @executable_path/Frameworks @loader_path/Frameworks";
				PRODUCT_NAME = "$(TARGET_NAME)";
				TEST_HOST = "$(BUILT_PRODUCTS_DIR)/Labyrinthe.app/Labyrinthe";
			};
			name = Release;
		};
/* End XCBuildConfiguration section */

/* Begin XCConfigurationList section */
		2B2ECF791B62AEB500CA6E48 /* Build configuration list for PBXProject "Labyrinthe" */ = {
			isa = XCConfigurationList;
			buildConfigurations = (
				2B2ECF9F1B62AEB500CA6E48 /* Debug */,
				2B2ECFA01B62AEB500CA6E48 /* Release */,
			);
			defaultConfigurationIsVisible = 0;
			defaultConfigurationName = Release;
		};
		2B2ECFA11B62AEB500CA6E48 /* Build configuration list for PBXNativeTarget "Labyrinthe" */ = {
			isa = XCConfigurationList;
			buildConfigurations = (
				2B2ECFA21B62AEB500CA6E48 /* Debug */,
				2B2ECFA31B62AEB500CA6E48 /* Release */,
			);
			defaultConfigurationIsVisible = 0;
			defaultConfigurationName = Release;
		};
		2B2ECFA41B62AEB500CA6E48 /* Build configuration list for PBXNativeTarget "LabyrintheTests" */ = {
			isa = XCConfigurationList;
			buildConfigurations = (
				2B2ECFA51B62AEB500CA6E48 /* Debug */,
				2B2ECFA61B62AEB500CA6E48 /* Release */,
			);
			defaultConfigurationIsVisible = 0;
			defaultConfigurationName = Release;
		};
/* End XCConfigurationList section */
	};
	rootObject = 2B2ECF761B62AEB500CA6E48 /* Project object */;
}
